
Microsoft Visual Studio Solution File, Format Version 11.00
# Visual Studio 2010
Project("{8BC9CEB8-8B4A-11D0-8D11-00A0C91BC942}") = "Prim's Algorithm", "Prim's Algorithm\Prim's Algorithm.vcxproj", "{BAE8BCDC-13A4-4405-816B-32FB17C69888}"
EndProject
Global
	GlobalSection(SolutionConfigurationPlatforms) = preSolution
		Debug|Win32 = Debug|Win32
		Release|Win32 = Release|Win32
	EndGlobalSection
	GlobalSection(ProjectConfigurationPlatforms) = postSolution
		{BAE8BCDC-13A4-4405-816B-32FB17C69888}.Debug|Win32.ActiveCfg = Debug|Win32
		{BAE8BCDC-13A4-4405-816B-32FB17C69888}.Debug|Win32.Build.0 = Debug|Win32
		{BAE8BCDC-13A4-4405-816B-32FB17C69888}.Release|Win32.ActiveCfg = Release|Win32
		{BAE8BCDC-13A4-4405-816B-32FB17C69888}.Release|Win32.Build.0 = Release|Win32
	EndGlobalSection
	GlobalSection(SolutionProperties) = preSolution
		HideSolutionNode = FALSE
	EndGlobalSection
EndGlobal
