
Microsoft Visual Studio Solution File, Format Version 11.00
# Visual Studio 2010
Project("{FAE04EC0-301F-11D3-BF4B-00C04F79EFBC}") = "GoogleTranslator", "GoogleTranslator\GoogleTranslator.csproj", "{F2400244-4FD2-4D6A-AB0D-96C57AA95EC7}"
EndProject
Project("{FAE04EC0-301F-11D3-BF4B-00C04F79EFBC}") = "TranslatorUI", "TranslatorUI\TranslatorUI.csproj", "{994E6307-40AF-4C5B-A0E1-32B2687346DF}"
EndProject
Global
	GlobalSection(SolutionConfigurationPlatforms) = preSolution
		Debug|Any CPU = Debug|Any CPU
		Debug|Mixed Platforms = Debug|Mixed Platforms
		Debug|x86 = Debug|x86
		Release|Any CPU = Release|Any CPU
		Release|Mixed Platforms = Release|Mixed Platforms
		Release|x86 = Release|x86
	EndGlobalSection
	GlobalSection(ProjectConfigurationPlatforms) = postSolution
		{F2400244-4FD2-4D6A-AB0D-96C57AA95EC7}.Debug|Any CPU.ActiveCfg = Debug|Any CPU
		{F2400244-4FD2-4D6A-AB0D-96C57AA95EC7}.Debug|Any CPU.Build.0 = Debug|Any CPU
		{F2400244-4FD2-4D6A-AB0D-96C57AA95EC7}.Debug|Mixed Platforms.ActiveCfg = Debug|Any CPU
		{F2400244-4FD2-4D6A-AB0D-96C57AA95EC7}.Debug|Mixed Platforms.Build.0 = Debug|Any CPU
		{F2400244-4FD2-4D6A-AB0D-96C57AA95EC7}.Debug|x86.ActiveCfg = Debug|Any CPU
		{F2400244-4FD2-4D6A-AB0D-96C57AA95EC7}.Release|Any CPU.ActiveCfg = Release|Any CPU
		{F2400244-4FD2-4D6A-AB0D-96C57AA95EC7}.Release|Any CPU.Build.0 = Release|Any CPU
		{F2400244-4FD2-4D6A-AB0D-96C57AA95EC7}.Release|Mixed Platforms.ActiveCfg = Release|Any CPU
		{F2400244-4FD2-4D6A-AB0D-96C57AA95EC7}.Release|Mixed Platforms.Build.0 = Release|Any CPU
		{F2400244-4FD2-4D6A-AB0D-96C57AA95EC7}.Release|x86.ActiveCfg = Release|Any CPU
		{994E6307-40AF-4C5B-A0E1-32B2687346DF}.Debug|Any CPU.ActiveCfg = Debug|x86
		{994E6307-40AF-4C5B-A0E1-32B2687346DF}.Debug|Mixed Platforms.ActiveCfg = Debug|x86
		{994E6307-40AF-4C5B-A0E1-32B2687346DF}.Debug|Mixed Platforms.Build.0 = Debug|x86
		{994E6307-40AF-4C5B-A0E1-32B2687346DF}.Debug|x86.ActiveCfg = Debug|x86
		{994E6307-40AF-4C5B-A0E1-32B2687346DF}.Debug|x86.Build.0 = Debug|x86
		{994E6307-40AF-4C5B-A0E1-32B2687346DF}.Release|Any CPU.ActiveCfg = Release|x86
		{994E6307-40AF-4C5B-A0E1-32B2687346DF}.Release|Mixed Platforms.ActiveCfg = Release|x86
		{994E6307-40AF-4C5B-A0E1-32B2687346DF}.Release|Mixed Platforms.Build.0 = Release|x86
		{994E6307-40AF-4C5B-A0E1-32B2687346DF}.Release|x86.ActiveCfg = Release|x86
		{994E6307-40AF-4C5B-A0E1-32B2687346DF}.Release|x86.Build.0 = Release|x86
	EndGlobalSection
	GlobalSection(SolutionProperties) = preSolution
		HideSolutionNode = FALSE
	EndGlobalSection
EndGlobal
