
Microsoft Visual Studio Solution File, Format Version 11.00
# Visual Studio 2010
Project("{2150E333-8FDC-42A3-9474-1A3956D46DE8}") = "GIS", "GIS", "{4071E6E4-D401-4EF2-94B0-6F5257088116}"
EndProject
Project("{FAE04EC0-301F-11D3-BF4B-00C04F79EFBC}") = "GIS.MapViewer", "Demo.WindowsPresentation\GIS.MapViewer.csproj", "{83195AEF-0071-471C-9E8B-E67211F5D028}"
EndProject
Global
	GlobalSection(SolutionConfigurationPlatforms) = preSolution
		Debug|Any CPU = Debug|Any CPU
		Release|Any CPU = Release|Any CPU
	EndGlobalSection
	GlobalSection(ProjectConfigurationPlatforms) = postSolution
		{83195AEF-0071-471C-9E8B-E67211F5D028}.Debug|Any CPU.ActiveCfg = Debug|Any CPU
		{83195AEF-0071-471C-9E8B-E67211F5D028}.Debug|Any CPU.Build.0 = Debug|Any CPU
		{83195AEF-0071-471C-9E8B-E67211F5D028}.Release|Any CPU.ActiveCfg = Release|Any CPU
		{83195AEF-0071-471C-9E8B-E67211F5D028}.Release|Any CPU.Build.0 = Release|Any CPU
	EndGlobalSection
	GlobalSection(SolutionProperties) = preSolution
		HideSolutionNode = FALSE
	EndGlobalSection
	GlobalSection(NestedProjects) = preSolution
		{83195AEF-0071-471C-9E8B-E67211F5D028} = {4071E6E4-D401-4EF2-94B0-6F5257088116}
	EndGlobalSection
EndGlobal
