
Microsoft Visual Studio Solution File, Format Version 11.00
# Visual Studio 2010
Project("{FAE04EC0-301F-11D3-BF4B-00C04F79EFBC}") = "EE_DKP_updater", "EE_DKP_updater\EE_DKP_updater.csproj", "{1DB472F1-2B5F-4FF4-BB32-C4968F7CEB70}"
EndProject
Global
	GlobalSection(SolutionConfigurationPlatforms) = preSolution
		Debug|x86 = Debug|x86
		Release|x86 = Release|x86
	EndGlobalSection
	GlobalSection(ProjectConfigurationPlatforms) = postSolution
		{1DB472F1-2B5F-4FF4-BB32-C4968F7CEB70}.Debug|x86.ActiveCfg = Debug|x86
		{1DB472F1-2B5F-4FF4-BB32-C4968F7CEB70}.Debug|x86.Build.0 = Debug|x86
		{1DB472F1-2B5F-4FF4-BB32-C4968F7CEB70}.Release|x86.ActiveCfg = Release|x86
		{1DB472F1-2B5F-4FF4-BB32-C4968F7CEB70}.Release|x86.Build.0 = Release|x86
	EndGlobalSection
	GlobalSection(SolutionProperties) = preSolution
		HideSolutionNode = FALSE
	EndGlobalSection
EndGlobal
