
Microsoft Visual Studio Solution File, Format Version 12.00
# Visual Studio 2012
Project("{FAE04EC0-301F-11D3-BF4B-00C04F79EFBC}") = "Betolto", "Betolto\Betolto.csproj", "{B9867AB7-CA52-4753-9988-142BCE43A4FE}"
EndProject
Global
	GlobalSection(SolutionConfigurationPlatforms) = preSolution
		Debug|Any CPU = Debug|Any CPU
		Release|Any CPU = Release|Any CPU
	EndGlobalSection
	GlobalSection(ProjectConfigurationPlatforms) = postSolution
		{B9867AB7-CA52-4753-9988-142BCE43A4FE}.Debug|Any CPU.ActiveCfg = Debug|Any CPU
		{B9867AB7-CA52-4753-9988-142BCE43A4FE}.Debug|Any CPU.Build.0 = Debug|Any CPU
		{B9867AB7-CA52-4753-9988-142BCE43A4FE}.Release|Any CPU.ActiveCfg = Release|Any CPU
		{B9867AB7-CA52-4753-9988-142BCE43A4FE}.Release|Any CPU.Build.0 = Release|Any CPU
	EndGlobalSection
	GlobalSection(SolutionProperties) = preSolution
		HideSolutionNode = FALSE
	EndGlobalSection
EndGlobal
