
Microsoft Visual Studio Solution File, Format Version 11.00
# Visual Studio 2010
Project("{FAE04EC0-301F-11D3-BF4B-00C04F79EFBC}") = "WpfColourSampler", "WpfColourSampler\WpfColourSampler.csproj", "{74015C85-AE08-4DC5-B864-FABD5405718D}"
EndProject
Global
	GlobalSection(SolutionConfigurationPlatforms) = preSolution
		Debug|Any CPU = Debug|Any CPU
		Release|Any CPU = Release|Any CPU
	EndGlobalSection
	GlobalSection(ProjectConfigurationPlatforms) = postSolution
		{74015C85-AE08-4DC5-B864-FABD5405718D}.Debug|Any CPU.ActiveCfg = Debug|Any CPU
		{74015C85-AE08-4DC5-B864-FABD5405718D}.Debug|Any CPU.Build.0 = Debug|Any CPU
		{74015C85-AE08-4DC5-B864-FABD5405718D}.Release|Any CPU.ActiveCfg = Release|Any CPU
		{74015C85-AE08-4DC5-B864-FABD5405718D}.Release|Any CPU.Build.0 = Release|Any CPU
	EndGlobalSection
	GlobalSection(SolutionProperties) = preSolution
		HideSolutionNode = FALSE
	EndGlobalSection
EndGlobal
